
Microsoft Visual Studio Solution File, Format Version 12.00
# Visual Studio Version 16
VisualStudioVersion = 16.0.31515.178
MinimumVisualStudioVersion = 10.0.40219.1
Project("{FAE04EC0-301F-11D3-BF4B-00C04F79EFBC}") = "PatikaMethods", "PatikaMethods.csproj", "{FB0BD8BF-E472-4C16-8FE5-66B45D272C9C}"
EndProject
Global
	GlobalSection(SolutionConfigurationPlatforms) = preSolution
		Debug|Any CPU = Debug|Any CPU
		Release|Any CPU = Release|Any CPU
	EndGlobalSection
	GlobalSection(ProjectConfigurationPlatforms) = postSolution
		{FB0BD8BF-E472-4C16-8FE5-66B45D272C9C}.Debug|Any CPU.ActiveCfg = Debug|Any CPU
		{FB0BD8BF-E472-4C16-8FE5-66B45D272C9C}.Debug|Any CPU.Build.0 = Debug|Any CPU
		{FB0BD8BF-E472-4C16-8FE5-66B45D272C9C}.Release|Any CPU.ActiveCfg = Release|Any CPU
		{FB0BD8BF-E472-4C16-8FE5-66B45D272C9C}.Release|Any CPU.Build.0 = Release|Any CPU
	EndGlobalSection
	GlobalSection(SolutionProperties) = preSolution
		HideSolutionNode = FALSE
	EndGlobalSection
	GlobalSection(ExtensibilityGlobals) = postSolution
		SolutionGuid = {A1B0592B-DD1C-462B-8C4B-76B33E0E1AF0}
	EndGlobalSection
EndGlobal
